{
    "name": "@asgerf/dts-tree-sitter",
    "version": "0.1.0",
    "lockfileVersion": 3,
    "requires": true,
    "packages": {
        "": {
            "name": "@asgerf/dts-tree-sitter",
            "version": "0.1.0",
            "dependencies": {
                "tree-sitter": "^0.21.1"
            },
            "devDependencies": {
                "@types/node": "^16.0.0",
                "tree-sitter-javascript": "^0.23.0",
                "typescript": "^5.0.0"
            },
            "engines": {
                "node": ">=16"
            }
        },
        "node_modules/@types/node": {
            "version": "16.18.126",
            "resolved": "https://registry.npmjs.org/@types/node/-/node-16.18.126.tgz",
            "integrity": "sha512-OTcgaiwfGFBKacvfwuHzzn1KLxH/er8mluiy8/uM3sGXHaRe73RrSIj01jow9t4kJEW633Ov+cOexXeiApTyAw==",
            "dev": true,
            "license": "MIT"
        },
        "node_modules/node-addon-api": {
            "version": "8.3.1",
            "resolved": "https://registry.npmjs.org/node-addon-api/-/node-addon-api-8.3.1.tgz",
            "integrity": "sha512-lytcDEdxKjGJPTLEfW4mYMigRezMlyJY8W4wxJK8zE533Jlb8L8dRuObJFWg2P+AuOIxoCgKF+2Oq4d4Zd0OUA==",
            "license": "MIT",
            "engines": {
                "node": "^18 || ^20 || >= 21"
            }
        },
        "node_modules/node-gyp-build": {
            "version": "4.8.4",
            "resolved": "https://registry.npmjs.org/node-gyp-build/-/node-gyp-build-4.8.4.tgz",
            "integrity": "sha512-LA4ZjwlnUblHVgq0oBF3Jl/6h/Nvs5fzBLwdEF4nuxnFdsfajde4WfxtJr3CaiH+F6ewcIB/q4jQ4UzPyid+CQ==",
            "license": "MIT",
            "bin": {
                "node-gyp-build": "bin.js",
                "node-gyp-build-optional": "optional.js",
                "node-gyp-build-test": "build-test.js"
            }
        },
        "node_modules/tree-sitter": {
            "version": "0.21.1",
            "resolved": "https://registry.npmjs.org/tree-sitter/-/tree-sitter-0.21.1.tgz",
            "integrity": "sha512-7dxoA6kYvtgWw80265MyqJlkRl4yawIjO7S5MigytjELkX43fV2WsAXzsNfO7sBpPPCF5Gp0+XzHk0DwLCq3xQ==",
            "hasInstallScript": true,
            "license": "MIT",
            "dependencies": {
                "node-addon-api": "^8.0.0",
                "node-gyp-build": "^4.8.0"
            }
        },
        "node_modules/tree-sitter-javascript": {
            "version": "0.23.1",
            "resolved": "https://registry.npmjs.org/tree-sitter-javascript/-/tree-sitter-javascript-0.23.1.tgz",
            "integrity": "sha512-/bnhbrTD9frUYHQTiYnPcxyHORIw157ERBa6dqzaKxvR/x3PC4Yzd+D1pZIMS6zNg2v3a8BZ0oK7jHqsQo9fWA==",
            "dev": true,
            "hasInstallScript": true,
            "license": "MIT",
            "dependencies": {
                "node-addon-api": "^8.2.2",
                "node-gyp-build": "^4.8.2"
            },
            "peerDependencies": {
                "tree-sitter": "^0.21.1"
            },
            "peerDependenciesMeta": {
                "tree-sitter": {
                    "optional": true
                }
            }
        },
        "node_modules/typescript": {
            "version": "5.8.2",
            "resolved": "https://registry.npmjs.org/typescript/-/typescript-5.8.2.tgz",
            "integrity": "sha512-aJn6wq13/afZp/jT9QZmwEjDqqvSGp1VT5GVg+f/t6/oVyrgXM6BY1h9BRh/O5p3PlUPAe+WuiEZOmb/49RqoQ==",
            "dev": true,
            "license": "Apache-2.0",
            "bin": {
                "tsc": "bin/tsc",
                "tsserver": "bin/tsserver"
            },
            "engines": {
                "node": ">=14.17"
            }
        }
    }
}
